// !$*UTF8*$!
{
	archiveVersion = 1;
	classes = {
	};
	objectVersion = 46;
	objects = {

/* Begin PBXBuildFile section */
		1DDD58160DA1D0A300B32029 /* MainMenu.xib in Resources */ = {isa = PBXBuildFile; fileRef = 1DDD58140DA1D0A300B32029 /* MainMenu.xib */; };
		256AC3DA0F4B6AC300CF3369 /* AppDelegate.m in Sources */ = {isa = PBXBuildFile; fileRef = 256AC3D90F4B6AC300CF3369 /* AppDelegate.m */; };
		7823E6DF12DFB4AC002EF159 /* Carbon.framework in Frameworks */ = {isa = PBXBuildFile; fileRef = 7823E6DE12DFB4AC002EF159 /* Carbon.framework */; };
		7823E7C012DFBF8B002EF159 /* KeyInterceptor.m in Sources */ = {isa = PBXBuildFile; fileRef = 7823E7BF12DFBF8B002EF159 /* KeyInterceptor.m */; };
		7847C62F1465A56C00B879C8 /* FocusObserver.m in Sources */ = {isa = PBXBuildFile; fileRef = 7847C62E1465A56C00B879C8 /* FocusObserver.m */; };
		785707D212E3CCEA0033EB74 /* HotKeyGroup.m in Sources */ = {isa = PBXBuildFile; fileRef = 785707D112E3CCEA0033EB74 /* HotKeyGroup.m */; };
		7861109A12E16D50009B30A4 /* HotKey.m in Sources */ = {isa = PBXBuildFile; fileRef = 7861109912E16D50009B30A4 /* HotKey.m */; };
		7865F4521464E93000A19207 /* defaults.vintage in Resources */ = {isa = PBXBuildFile; fileRef = 7865F4511464E93000A19207 /* defaults.vintage */; };
		7865F4551464EAC500A19207 /* Parser.m in Sources */ = {isa = PBXBuildFile; fileRef = 7865F4541464EAC500A19207 /* Parser.m */; };
		787FE0F6146A02CD00C7A80D /* AccessText.m in Sources */ = {isa = PBXBuildFile; fileRef = 787FE0F5146A02CD00C7A80D /* AccessText.m */; };
		787FE0F8146A0B0800C7A80D /* accessibilityConstants.txt in Resources */ = {isa = PBXBuildFile; fileRef = 787FE0F7146A0B0800C7A80D /* accessibilityConstants.txt */; };
		78BFAD7D12E436DF00C1FA5C /* Command.m in Sources */ = {isa = PBXBuildFile; fileRef = 78BFAD7C12E436DF00C1FA5C /* Command.m */; };
		78CCB70C12E45E7A00A08E29 /* RegexKitLite.m in Sources */ = {isa = PBXBuildFile; fileRef = 78CCB70B12E45E7A00A08E29 /* RegexKitLite.m */; };
		78D47FF512E4E37E00BB510A /* Ninja-Small.png in Resources */ = {isa = PBXBuildFile; fileRef = 78D47FF412E4E37E00BB510A /* Ninja-Small.png */; };
		78D4800912E4E3F700BB510A /* Ninja.icns in Resources */ = {isa = PBXBuildFile; fileRef = 78D4800812E4E3F700BB510A /* Ninja.icns */; };
		8D11072B0486CEB800E47090 /* InfoPlist.strings in Resources */ = {isa = PBXBuildFile; fileRef = 089C165CFE840E0CC02AAC07 /* InfoPlist.strings */; };
		8D11072D0486CEB800E47090 /* main.m in Sources */ = {isa = PBXBuildFile; fileRef = 29B97316FDCFA39411CA2CEA /* main.m */; settings = {ATTRIBUTES = (); }; };
		8D11072F0486CEB800E47090 /* Cocoa.framework in Frameworks */ = {isa = PBXBuildFile; fileRef = 1058C7A1FEA54F0111CA2CBB /* Cocoa.framework */; };
/* End PBXBuildFile section */

/* Begin PBXFileReference section */
		089C165DFE840E0CC02AAC07 /* English */ = {isa = PBXFileReference; fileEncoding = 4; lastKnownFileType = text.plist.strings; name = English; path = English.lproj/InfoPlist.strings; sourceTree = "<group>"; };
		1058C7A1FEA54F0111CA2CBB /* Cocoa.framework */ = {isa = PBXFileReference; lastKnownFileType = wrapper.framework; name = Cocoa.framework; path = /System/Library/Frameworks/Cocoa.framework; sourceTree = "<absolute>"; };
		13E42FB307B3F0F600E4EEF1 /* CoreData.framework */ = {isa = PBXFileReference; lastKnownFileType = wrapper.framework; name = CoreData.framework; path = /System/Library/Frameworks/CoreData.framework; sourceTree = "<absolute>"; };
		1DDD58150DA1D0A300B32029 /* English */ = {isa = PBXFileReference; lastKnownFileType = file.xib; name = English; path = English.lproj/MainMenu.xib; sourceTree = "<group>"; };
		256AC3D80F4B6AC300CF3369 /* AppDelegate.h */ = {isa = PBXFileReference; fileEncoding = 4; lastKnownFileType = sourcecode.c.h; path = AppDelegate.h; sourceTree = "<group>"; };
		256AC3D90F4B6AC300CF3369 /* AppDelegate.m */ = {isa = PBXFileReference; fileEncoding = 4; lastKnownFileType = sourcecode.c.objc; path = AppDelegate.m; sourceTree = "<group>"; };
		256AC3F00F4B6AF500CF3369 /* VIntage_Prefix.pch */ = {isa = PBXFileReference; fileEncoding = 4; lastKnownFileType = sourcecode.c.h; path = VIntage_Prefix.pch; sourceTree = "<group>"; };
		29B97316FDCFA39411CA2CEA /* main.m */ = {isa = PBXFileReference; fileEncoding = 4; lastKnownFileType = sourcecode.c.objc; path = main.m; sourceTree = "<group>"; };
		29B97324FDCFA39411CA2CEA /* AppKit.framework */ = {isa = PBXFileReference; lastKnownFileType = wrapper.framework; name = AppKit.framework; path = /System/Library/Frameworks/AppKit.framework; sourceTree = "<absolute>"; };
		29B97325FDCFA39411CA2CEA /* Foundation.framework */ = {isa = PBXFileReference; lastKnownFileType = wrapper.framework; name = Foundation.framework; path = /System/Library/Frameworks/Foundation.framework; sourceTree = "<absolute>"; };
		7823E6DE12DFB4AC002EF159 /* Carbon.framework */ = {isa = PBXFileReference; lastKnownFileType = wrapper.framework; name = Carbon.framework; path = System/Library/Frameworks/Carbon.framework; sourceTree = SDKROOT; };
		7823E7BE12DFBF8B002EF159 /* KeyInterceptor.h */ = {isa = PBXFileReference; fileEncoding = 4; lastKnownFileType = sourcecode.c.h; path = KeyInterceptor.h; sourceTree = "<group>"; };
		7823E7BF12DFBF8B002EF159 /* KeyInterceptor.m */ = {isa = PBXFileReference; fileEncoding = 4; lastKnownFileType = sourcecode.c.objc; path = KeyInterceptor.m; sourceTree = "<group>"; };
		7847C62814659C5000B879C8 /* ModeDelegate.h */ = {isa = PBXFileReference; fileEncoding = 4; lastKnownFileType = sourcecode.c.h; path = ModeDelegate.h; sourceTree = "<group>"; };
		7847C62D1465A56C00B879C8 /* FocusObserver.h */ = {isa = PBXFileReference; fileEncoding = 4; lastKnownFileType = sourcecode.c.h; path = FocusObserver.h; sourceTree = "<group>"; };
		7847C62E1465A56C00B879C8 /* FocusObserver.m */ = {isa = PBXFileReference; fileEncoding = 4; lastKnownFileType = sourcecode.c.objc; path = FocusObserver.m; sourceTree = "<group>"; };
		785707D012E3CCEA0033EB74 /* HotKeyGroup.h */ = {isa = PBXFileReference; fileEncoding = 4; lastKnownFileType = sourcecode.c.h; path = HotKeyGroup.h; sourceTree = "<group>"; };
		785707D112E3CCEA0033EB74 /* HotKeyGroup.m */ = {isa = PBXFileReference; fileEncoding = 4; lastKnownFileType = sourcecode.c.objc; path = HotKeyGroup.m; sourceTree = "<group>"; };
		7857082712E3D1BA0033EB74 /* EventTapExample.h */ = {isa = PBXFileReference; fileEncoding = 4; lastKnownFileType = sourcecode.c.h; path = EventTapExample.h; sourceTree = "<group>"; };
		7857082812E3D1BA0033EB74 /* EventTapExample.m */ = {isa = PBXFileReference; fileEncoding = 4; lastKnownFileType = sourcecode.c.objc; path = EventTapExample.m; sourceTree = "<group>"; };
		78606D5B1464A8EA008A47FD /* Todo.txt */ = {isa = PBXFileReference; lastKnownFileType = text; path = Todo.txt; sourceTree = "<group>"; xcLanguageSpecificationIdentifier = xcode.lang.simpleColoring; };
		7861109812E16D50009B30A4 /* HotKey.h */ = {isa = PBXFileReference; fileEncoding = 4; lastKnownFileType = sourcecode.c.h; path = HotKey.h; sourceTree = "<group>"; };
		7861109912E16D50009B30A4 /* HotKey.m */ = {isa = PBXFileReference; fileEncoding = 4; lastKnownFileType = sourcecode.c.objc; path = HotKey.m; sourceTree = "<group>"; };
		7865F4511464E93000A19207 /* defaults.vintage */ = {isa = PBXFileReference; fileEncoding = 4; lastKnownFileType = text; path = defaults.vintage; sourceTree = "<group>"; xcLanguageSpecificationIdentifier = xcode.lang.simpleColoring; };
		7865F4531464EAC500A19207 /* Parser.h */ = {isa = PBXFileReference; fileEncoding = 4; lastKnownFileType = sourcecode.c.h; path = Parser.h; sourceTree = "<group>"; };
		7865F4541464EAC500A19207 /* Parser.m */ = {isa = PBXFileReference; fileEncoding = 4; lastKnownFileType = sourcecode.c.objc; path = Parser.m; sourceTree = "<group>"; };
		787FE0F4146A02CD00C7A80D /* AccessText.h */ = {isa = PBXFileReference; fileEncoding = 4; lastKnownFileType = sourcecode.c.h; path = AccessText.h; sourceTree = "<group>"; };
		787FE0F5146A02CD00C7A80D /* AccessText.m */ = {isa = PBXFileReference; fileEncoding = 4; lastKnownFileType = sourcecode.c.objc; path = AccessText.m; sourceTree = "<group>"; };
		787FE0F7146A0B0800C7A80D /* accessibilityConstants.txt */ = {isa = PBXFileReference; fileEncoding = 4; lastKnownFileType = text; path = accessibilityConstants.txt; sourceTree = "<group>"; };
		78BFAD7B12E436DF00C1FA5C /* Command.h */ = {isa = PBXFileReference; fileEncoding = 4; lastKnownFileType = sourcecode.c.h; path = Command.h; sourceTree = "<group>"; };
		78BFAD7C12E436DF00C1FA5C /* Command.m */ = {isa = PBXFileReference; fileEncoding = 4; lastKnownFileType = sourcecode.c.objc; path = Command.m; sourceTree = "<group>"; };
		78CCB70A12E45E7A00A08E29 /* RegexKitLite.h */ = {isa = PBXFileReference; fileEncoding = 4; lastKnownFileType = sourcecode.c.h; path = RegexKitLite.h; sourceTree = "<group>"; };
		78CCB70B12E45E7A00A08E29 /* RegexKitLite.m */ = {isa = PBXFileReference; fileEncoding = 4; lastKnownFileType = sourcecode.c.objc; path = RegexKitLite.m; sourceTree = "<group>"; };
		78CEB64412E4CDF1004C51D0 /* KeyTypes.h */ = {isa = PBXFileReference; fileEncoding = 4; lastKnownFileType = sourcecode.c.h; path = KeyTypes.h; sourceTree = "<group>"; };
		78D47FF412E4E37E00BB510A /* Ninja-Small.png */ = {isa = PBXFileReference; lastKnownFileType = image.png; path = "Ninja-Small.png"; sourceTree = "<group>"; };
		78D4800812E4E3F700BB510A /* Ninja.icns */ = {isa = PBXFileReference; lastKnownFileType = image.icns; path = Ninja.icns; sourceTree = "<group>"; };
		8D1107310486CEB800E47090 /* VIntage-Info.plist */ = {isa = PBXFileReference; fileEncoding = 4; lastKnownFileType = text.plist.xml; path = "VIntage-Info.plist"; sourceTree = "<group>"; };
		8D1107320486CEB800E47090 /* VIntage.app */ = {isa = PBXFileReference; explicitFileType = wrapper.application; includeInIndex = 0; path = VIntage.app; sourceTree = BUILT_PRODUCTS_DIR; };
/* End PBXFileReference section */

/* Begin PBXFrameworksBuildPhase section */
		8D11072E0486CEB800E47090 /* Frameworks */ = {
			isa = PBXFrameworksBuildPhase;
			buildActionMask = 2147483647;
			files = (
				8D11072F0486CEB800E47090 /* Cocoa.framework in Frameworks */,
				7823E6DF12DFB4AC002EF159 /* Carbon.framework in Frameworks */,
			);
			runOnlyForDeploymentPostprocessing = 0;
		};
/* End PBXFrameworksBuildPhase section */

/* Begin PBXGroup section */
		080E96DDFE201D6D7F000001 /* Classes */ = {
			isa = PBXGroup;
			children = (
				787FE0F3146A02CD00C7A80D /* Tests */,
				256AC3D80F4B6AC300CF3369 /* AppDelegate.h */,
				256AC3D90F4B6AC300CF3369 /* AppDelegate.m */,
				7847C62D1465A56C00B879C8 /* FocusObserver.h */,
				7847C62E1465A56C00B879C8 /* FocusObserver.m */,
				7847C62814659C5000B879C8 /* ModeDelegate.h */,
				7857082712E3D1BA0033EB74 /* EventTapExample.h */,
				7857082812E3D1BA0033EB74 /* EventTapExample.m */,
				7823E7BE12DFBF8B002EF159 /* KeyInterceptor.h */,
				7823E7BF12DFBF8B002EF159 /* KeyInterceptor.m */,
				785707D012E3CCEA0033EB74 /* HotKeyGroup.h */,
				785707D112E3CCEA0033EB74 /* HotKeyGroup.m */,
				7861109812E16D50009B30A4 /* HotKey.h */,
				7861109912E16D50009B30A4 /* HotKey.m */,
				78BFAD7B12E436DF00C1FA5C /* Command.h */,
				78BFAD7C12E436DF00C1FA5C /* Command.m */,
				78CCB70A12E45E7A00A08E29 /* RegexKitLite.h */,
				78CCB70B12E45E7A00A08E29 /* RegexKitLite.m */,
				78CEB64412E4CDF1004C51D0 /* KeyTypes.h */,
				7865F4531464EAC500A19207 /* Parser.h */,
				7865F4541464EAC500A19207 /* Parser.m */,
			);
			name = Classes;
			sourceTree = "<group>";
		};
		1058C7A0FEA54F0111CA2CBB /* Linked Frameworks */ = {
			isa = PBXGroup;
			children = (
				1058C7A1FEA54F0111CA2CBB /* Cocoa.framework */,
				7823E6DE12DFB4AC002EF159 /* Carbon.framework */,
			);
			name = "Linked Frameworks";
			sourceTree = "<group>";
		};
		1058C7A2FEA54F0111CA2CBB /* Other Frameworks */ = {
			isa = PBXGroup;
			children = (
				29B97324FDCFA39411CA2CEA /* AppKit.framework */,
				13E42FB307B3F0F600E4EEF1 /* CoreData.framework */,
				29B97325FDCFA39411CA2CEA /* Foundation.framework */,
			);
			name = "Other Frameworks";
			sourceTree = "<group>";
		};
		19C28FACFE9D520D11CA2CBB /* Products */ = {
			isa = PBXGroup;
			children = (
				8D1107320486CEB800E47090 /* VIntage.app */,
			);
			name = Products;
			sourceTree = "<group>";
		};
		29B97314FDCFA39411CA2CEA /* InputNinja */ = {
			isa = PBXGroup;
			children = (
				78606D5B1464A8EA008A47FD /* Todo.txt */,
				787FE0F7146A0B0800C7A80D /* accessibilityConstants.txt */,
				7865F4511464E93000A19207 /* defaults.vintage */,
				080E96DDFE201D6D7F000001 /* Classes */,
				29B97315FDCFA39411CA2CEA /* Other Sources */,
				29B97317FDCFA39411CA2CEA /* Resources */,
				29B97323FDCFA39411CA2CEA /* Frameworks */,
				19C28FACFE9D520D11CA2CBB /* Products */,
			);
			name = InputNinja;
			sourceTree = "<group>";
		};
		29B97315FDCFA39411CA2CEA /* Other Sources */ = {
			isa = PBXGroup;
			children = (
				256AC3F00F4B6AF500CF3369 /* VIntage_Prefix.pch */,
				29B97316FDCFA39411CA2CEA /* main.m */,
			);
			name = "Other Sources";
			sourceTree = "<group>";
		};
		29B97317FDCFA39411CA2CEA /* Resources */ = {
			isa = PBXGroup;
			children = (
				78D47FF412E4E37E00BB510A /* Ninja-Small.png */,
				78D4800812E4E3F700BB510A /* Ninja.icns */,
				8D1107310486CEB800E47090 /* VIntage-Info.plist */,
				089C165CFE840E0CC02AAC07 /* InfoPlist.strings */,
				1DDD58140DA1D0A300B32029 /* MainMenu.xib */,
			);
			name = Resources;
			sourceTree = "<group>";
		};
		29B97323FDCFA39411CA2CEA /* Frameworks */ = {
			isa = PBXGroup;
			children = (
				1058C7A0FEA54F0111CA2CBB /* Linked Frameworks */,
				1058C7A2FEA54F0111CA2CBB /* Other Frameworks */,
			);
			name = Frameworks;
			sourceTree = "<group>";
		};
		787FE0F3146A02CD00C7A80D /* Tests */ = {
			isa = PBXGroup;
			children = (
				787FE0F4146A02CD00C7A80D /* AccessText.h */,
				787FE0F5146A02CD00C7A80D /* AccessText.m */,
			);
			path = Tests;
			sourceTree = "<group>";
		};
/* End PBXGroup section */

/* Begin PBXNativeTarget section */
		8D1107260486CEB800E47090 /* VIntage */ = {
			isa = PBXNativeTarget;
			buildConfigurationList = C01FCF4A08A954540054247B /* Build configuration list for PBXNativeTarget "VIntage" */;
			buildPhases = (
				8D1107290486CEB800E47090 /* Resources */,
				8D11072C0486CEB800E47090 /* Sources */,
				8D11072E0486CEB800E47090 /* Frameworks */,
			);
			buildRules = (
			);
			dependencies = (
			);
			name = VIntage;
			productInstallPath = "$(HOME)/Applications";
			productName = InputNinja;
			productReference = 8D1107320486CEB800E47090 /* VIntage.app */;
			productType = "com.apple.product-type.application";
		};
/* End PBXNativeTarget section */

/* Begin PBXProject section */
		29B97313FDCFA39411CA2CEA /* Project object */ = {
			isa = PBXProject;
			attributes = {
				LastUpgradeCheck = 0420;
			};
			buildConfigurationList = C01FCF4E08A954540054247B /* Build configuration list for PBXProject "VIntage" */;
			compatibilityVersion = "Xcode 3.2";
			developmentRegion = English;
			hasScannedForEncodings = 1;
			knownRegions = (
				English,
				Japanese,
				French,
				German,
			);
			mainGroup = 29B97314FDCFA39411CA2CEA /* InputNinja */;
			projectDirPath = "";
			projectRoot = "";
			targets = (
				8D1107260486CEB800E47090 /* VIntage */,
			);
		};
/* End PBXProject section */

/* Begin PBXResourcesBuildPhase section */
		8D1107290486CEB800E47090 /* Resources */ = {
			isa = PBXResourcesBuildPhase;
			buildActionMask = 2147483647;
			files = (
				8D11072B0486CEB800E47090 /* InfoPlist.strings in Resources */,
				1DDD58160DA1D0A300B32029 /* MainMenu.xib in Resources */,
				78D47FF512E4E37E00BB510A /* Ninja-Small.png in Resources */,
				78D4800912E4E3F700BB510A /* Ninja.icns in Resources */,
				7865F4521464E93000A19207 /* defaults.vintage in Resources */,
				787FE0F8146A0B0800C7A80D /* accessibilityConstants.txt in Resources */,
			);
			runOnlyForDeploymentPostprocessing = 0;
		};
/* End PBXResourcesBuildPhase section */

/* Begin PBXSourcesBuildPhase section */
		8D11072C0486CEB800E47090 /* Sources */ = {
			isa = PBXSourcesBuildPhase;
			buildActionMask = 2147483647;
			files = (
				8D11072D0486CEB800E47090 /* main.m in Sources */,
				256AC3DA0F4B6AC300CF3369 /* AppDelegate.m in Sources */,
				7823E7C012DFBF8B002EF159 /* KeyInterceptor.m in Sources */,
				7861109A12E16D50009B30A4 /* HotKey.m in Sources */,
				785707D212E3CCEA0033EB74 /* HotKeyGroup.m in Sources */,
				78BFAD7D12E436DF00C1FA5C /* Command.m in Sources */,
				78CCB70C12E45E7A00A08E29 /* RegexKitLite.m in Sources */,
				7865F4551464EAC500A19207 /* Parser.m in Sources */,
				7847C62F1465A56C00B879C8 /* FocusObserver.m in Sources */,
				787FE0F6146A02CD00C7A80D /* AccessText.m in Sources */,
			);
			runOnlyForDeploymentPostprocessing = 0;
		};
/* End PBXSourcesBuildPhase section */

/* Begin PBXVariantGroup section */
		089C165CFE840E0CC02AAC07 /* InfoPlist.strings */ = {
			isa = PBXVariantGroup;
			children = (
				089C165DFE840E0CC02AAC07 /* English */,
			);
			name = InfoPlist.strings;
			sourceTree = "<group>";
		};
		1DDD58140DA1D0A300B32029 /* MainMenu.xib */ = {
			isa = PBXVariantGroup;
			children = (
				1DDD58150DA1D0A300B32029 /* English */,
			);
			name = MainMenu.xib;
			sourceTree = "<group>";
		};
/* End PBXVariantGroup section */

/* Begin XCBuildConfiguration section */
		C01FCF4B08A954540054247B /* Debug */ = {
			isa = XCBuildConfiguration;
			buildSettings = {
				ALWAYS_SEARCH_USER_PATHS = NO;
				COPY_PHASE_STRIP = NO;
				GCC_DYNAMIC_NO_PIC = NO;
				GCC_MODEL_TUNING = G5;
				GCC_OPTIMIZATION_LEVEL = 0;
				GCC_PRECOMPILE_PREFIX_HEADER = YES;
				GCC_PREFIX_HEADER = VIntage_Prefix.pch;
				INFOPLIST_FILE = "VIntage-Info.plist";
				INSTALL_PATH = "$(HOME)/Applications";
				OTHER_LDFLAGS = "-licucore";
				PRODUCT_NAME = VIntage;
			};
			name = Debug;
		};
		C01FCF4C08A954540054247B /* Release */ = {
			isa = XCBuildConfiguration;
			buildSettings = {
				ALWAYS_SEARCH_USER_PATHS = NO;
				DEBUG_INFORMATION_FORMAT = "dwarf-with-dsym";
				GCC_MODEL_TUNING = G5;
				GCC_PRECOMPILE_PREFIX_HEADER = YES;
				GCC_PREFIX_HEADER = VIntage_Prefix.pch;
				INFOPLIST_FILE = "VIntage-Info.plist";
				INSTALL_PATH = "$(HOME)/Applications";
				OTHER_LDFLAGS = "-licucore";
				PRODUCT_NAME = VIntage;
			};
			name = Release;
		};
		C01FCF4F08A954540054247B /* Debug */ = {
			isa = XCBuildConfiguration;
			buildSettings = {
				ARCHS = "$(ARCHS_STANDARD_64_BIT)";
				GCC_C_LANGUAGE_STANDARD = gnu99;
				GCC_OPTIMIZATION_LEVEL = 0;
				GCC_VERSION = "";
				GCC_WARN_ABOUT_RETURN_TYPE = YES;
				GCC_WARN_UNUSED_VARIABLE = YES;
				ONLY_ACTIVE_ARCH = YES;
				SDKROOT = macosx;
			};
			name = Debug;
		};
		C01FCF5008A954540054247B /* Release */ = {
			isa = XCBuildConfiguration;
			buildSettings = {
				ARCHS = "$(ARCHS_STANDARD_64_BIT)";
				GCC_C_LANGUAGE_STANDARD = gnu99;
				GCC_VERSION = "";
				GCC_WARN_ABOUT_RETURN_TYPE = YES;
				GCC_WARN_UNUSED_VARIABLE = YES;
				SDKROOT = macosx;
			};
			name = Release;
		};
/* End XCBuildConfiguration section */

/* Begin XCConfigurationList section */
		C01FCF4A08A954540054247B /* Build configuration list for PBXNativeTarget "VIntage" */ = {
			isa = XCConfigurationList;
			buildConfigurations = (
				C01FCF4B08A954540054247B /* Debug */,
				C01FCF4C08A954540054247B /* Release */,
			);
			defaultConfigurationIsVisible = 0;
			defaultConfigurationName = Release;
		};
		C01FCF4E08A954540054247B /* Build configuration list for PBXProject "VIntage" */ = {
			isa = XCConfigurationList;
			buildConfigurations = (
				C01FCF4F08A954540054247B /* Debug */,
				C01FCF5008A954540054247B /* Release */,
			);
			defaultConfigurationIsVisible = 0;
			defaultConfigurationName = Release;
		};
/* End XCConfigurationList section */
	};
	rootObject = 29B97313FDCFA39411CA2CEA /* Project object */;
}
